
Microsoft Visual Studio Solution File, Format Version 12.00
Project("{FAE04EC0-301F-11D3-BF4B-00C04F79EFBC}") = "PokeDex", "PokeDex.csproj", "{891AFECF-B514-4FE7-9003-633E1B3EB3F1}"
EndProject
Global
	GlobalSection(SolutionConfigurationPlatforms) = preSolution
		Debug|Any CPU = Debug|Any CPU
		Release|Any CPU = Release|Any CPU
	EndGlobalSection
	GlobalSection(ProjectConfigurationPlatforms) = postSolution
		{891AFECF-B514-4FE7-9003-633E1B3EB3F1}.Debug|Any CPU.ActiveCfg = Debug|Any CPU
		{891AFECF-B514-4FE7-9003-633E1B3EB3F1}.Debug|Any CPU.Build.0 = Debug|Any CPU
		{891AFECF-B514-4FE7-9003-633E1B3EB3F1}.Release|Any CPU.ActiveCfg = Release|Any CPU
		{891AFECF-B514-4FE7-9003-633E1B3EB3F1}.Release|Any CPU.Build.0 = Release|Any CPU
	EndGlobalSection
EndGlobal
